
Microsoft Visual Studio Solution File, Format Version 12.00
# Visual Studio Version 16
VisualStudioVersion = 16.0.30611.23
MinimumVisualStudioVersion = 10.0.40219.1
Project("{FAE04EC0-301F-11D3-BF4B-00C04F79EFBC}") = "books-api", "books-api\books-api.csproj", "{51BA658E-D5C0-4968-9CEA-B9D284FD4806}"
EndProject
Project("{FAE04EC0-301F-11D3-BF4B-00C04F79EFBC}") = "books.Core", "books.Core\books.Core.csproj", "{D7D55C7A-661C-408D-8341-B20C70178596}"
EndProject
Project("{FAE04EC0-301F-11D3-BF4B-00C04F79EFBC}") = "books.Infrastructure", "books.Infrastructure\books.Infrastructure.csproj", "{1C0BA550-2920-4893-AD26-FDA3C6F9F91B}"
EndProject
Global
	GlobalSection(SolutionConfigurationPlatforms) = preSolution
		Debug|Any CPU = Debug|Any CPU
		Release|Any CPU = Release|Any CPU
	EndGlobalSection
	GlobalSection(ProjectConfigurationPlatforms) = postSolution
		{51BA658E-D5C0-4968-9CEA-B9D284FD4806}.Debug|Any CPU.ActiveCfg = Debug|Any CPU
		{51BA658E-D5C0-4968-9CEA-B9D284FD4806}.Debug|Any CPU.Build.0 = Debug|Any CPU
		{51BA658E-D5C0-4968-9CEA-B9D284FD4806}.Release|Any CPU.ActiveCfg = Release|Any CPU
		{51BA658E-D5C0-4968-9CEA-B9D284FD4806}.Release|Any CPU.Build.0 = Release|Any CPU
		{D7D55C7A-661C-408D-8341-B20C70178596}.Debug|Any CPU.ActiveCfg = Debug|Any CPU
		{D7D55C7A-661C-408D-8341-B20C70178596}.Debug|Any CPU.Build.0 = Debug|Any CPU
		{D7D55C7A-661C-408D-8341-B20C70178596}.Release|Any CPU.ActiveCfg = Release|Any CPU
		{D7D55C7A-661C-408D-8341-B20C70178596}.Release|Any CPU.Build.0 = Release|Any CPU
		{1C0BA550-2920-4893-AD26-FDA3C6F9F91B}.Debug|Any CPU.ActiveCfg = Debug|Any CPU
		{1C0BA550-2920-4893-AD26-FDA3C6F9F91B}.Debug|Any CPU.Build.0 = Debug|Any CPU
		{1C0BA550-2920-4893-AD26-FDA3C6F9F91B}.Release|Any CPU.ActiveCfg = Release|Any CPU
		{1C0BA550-2920-4893-AD26-FDA3C6F9F91B}.Release|Any CPU.Build.0 = Release|Any CPU
	EndGlobalSection
	GlobalSection(SolutionProperties) = preSolution
		HideSolutionNode = FALSE
	EndGlobalSection
	GlobalSection(ExtensibilityGlobals) = postSolution
		SolutionGuid = {D5CBD584-221D-40CD-9086-853157603274}
	EndGlobalSection
EndGlobal
